
Microsoft Visual Studio Solution File, Format Version 12.00
# Visual Studio 14
VisualStudioVersion = 14.0.25123.0
MinimumVisualStudioVersion = 10.0.40219.1
Project("{2150E333-8FDC-42A3-9474-1A3956D46DE8}") = "src", "src", "{AA3BE2E7-97C2-4293-A1A5-42F44EF9684D}"
EndProject
Project("{2150E333-8FDC-42A3-9474-1A3956D46DE8}") = "Solution Items", "Solution Items", "{7165F4CD-7697-4AFE-A298-4BDE927C814D}"
	ProjectSection(SolutionItems) = preProject
		global.json = global.json
	EndProjectSection
EndProject
Project("{8BB2217D-0F2D-49D1-97BC-3654ED321F3B}") = "WebApplicationBurgerRest", "src\WebApplicationBurgerRest\WebApplicationBurgerRest.xproj", "{EE9B90E0-129B-4CDE-AF3B-EE789EB06A44}"
EndProject
Global
	GlobalSection(SolutionConfigurationPlatforms) = preSolution
		Debug|Any CPU = Debug|Any CPU
		Release|Any CPU = Release|Any CPU
	EndGlobalSection
	GlobalSection(ProjectConfigurationPlatforms) = postSolution
		{EE9B90E0-129B-4CDE-AF3B-EE789EB06A44}.Debug|Any CPU.ActiveCfg = Debug|Any CPU
		{EE9B90E0-129B-4CDE-AF3B-EE789EB06A44}.Debug|Any CPU.Build.0 = Debug|Any CPU
		{EE9B90E0-129B-4CDE-AF3B-EE789EB06A44}.Release|Any CPU.ActiveCfg = Release|Any CPU
		{EE9B90E0-129B-4CDE-AF3B-EE789EB06A44}.Release|Any CPU.Build.0 = Release|Any CPU
	EndGlobalSection
	GlobalSection(SolutionProperties) = preSolution
		HideSolutionNode = FALSE
	EndGlobalSection
	GlobalSection(NestedProjects) = preSolution
		{EE9B90E0-129B-4CDE-AF3B-EE789EB06A44} = {AA3BE2E7-97C2-4293-A1A5-42F44EF9684D}
	EndGlobalSection
EndGlobal
